
Microsoft Visual Studio Solution File, Format Version 12.00
# Visual Studio Version 16
VisualStudioVersion = 16.0.30621.155
MinimumVisualStudioVersion = 10.0.40219.1
Project("{FAE04EC0-301F-11D3-BF4B-00C04F79EFBC}") = "AutoTestFramework", "AutoTestProject\AutoTestFramework.csproj", "{4E16F49B-E549-4056-AC3D-D3E35D05D3B5}"
EndProject
Project("{FAE04EC0-301F-11D3-BF4B-00C04F79EFBC}") = "TodorVachevtest", "TodorVachevtest\TodorVachevtest.csproj", "{52B843F3-E1E5-442C-B039-8F5C3CE30FF4}"
EndProject
Global
	GlobalSection(SolutionConfigurationPlatforms) = preSolution
		Debug|Any CPU = Debug|Any CPU
		Release|Any CPU = Release|Any CPU
	EndGlobalSection
	GlobalSection(ProjectConfigurationPlatforms) = postSolution
		{4E16F49B-E549-4056-AC3D-D3E35D05D3B5}.Debug|Any CPU.ActiveCfg = Debug|Any CPU
		{4E16F49B-E549-4056-AC3D-D3E35D05D3B5}.Debug|Any CPU.Build.0 = Debug|Any CPU
		{4E16F49B-E549-4056-AC3D-D3E35D05D3B5}.Release|Any CPU.ActiveCfg = Release|Any CPU
		{4E16F49B-E549-4056-AC3D-D3E35D05D3B5}.Release|Any CPU.Build.0 = Release|Any CPU
		{52B843F3-E1E5-442C-B039-8F5C3CE30FF4}.Debug|Any CPU.ActiveCfg = Debug|Any CPU
		{52B843F3-E1E5-442C-B039-8F5C3CE30FF4}.Debug|Any CPU.Build.0 = Debug|Any CPU
		{52B843F3-E1E5-442C-B039-8F5C3CE30FF4}.Release|Any CPU.ActiveCfg = Release|Any CPU
		{52B843F3-E1E5-442C-B039-8F5C3CE30FF4}.Release|Any CPU.Build.0 = Release|Any CPU
	EndGlobalSection
	GlobalSection(SolutionProperties) = preSolution
		HideSolutionNode = FALSE
	EndGlobalSection
	GlobalSection(ExtensibilityGlobals) = postSolution
		SolutionGuid = {72832DB6-9A94-4FF1-B23E-BCE452CDE775}
	EndGlobalSection
EndGlobal
